
Microsoft Visual Studio Solution File, Format Version 12.00
# Visual Studio Version 16
VisualStudioVersion = 16.0.30907.101
MinimumVisualStudioVersion = 10.0.40219.1
Project("{FAE04EC0-301F-11D3-BF4B-00C04F79EFBC}") = "McNutClients", "McNutClients\McNutClients.csproj", "{B508E9F8-9A0D-433F-BBD4-20C1D2B24492}"
EndProject
Global
	GlobalSection(SolutionConfigurationPlatforms) = preSolution
		Debug|Any CPU = Debug|Any CPU
		Release|Any CPU = Release|Any CPU
	EndGlobalSection
	GlobalSection(ProjectConfigurationPlatforms) = postSolution
		{B508E9F8-9A0D-433F-BBD4-20C1D2B24492}.Debug|Any CPU.ActiveCfg = Debug|Any CPU
		{B508E9F8-9A0D-433F-BBD4-20C1D2B24492}.Debug|Any CPU.Build.0 = Debug|Any CPU
		{B508E9F8-9A0D-433F-BBD4-20C1D2B24492}.Release|Any CPU.ActiveCfg = Release|Any CPU
		{B508E9F8-9A0D-433F-BBD4-20C1D2B24492}.Release|Any CPU.Build.0 = Release|Any CPU
	EndGlobalSection
	GlobalSection(SolutionProperties) = preSolution
		HideSolutionNode = FALSE
	EndGlobalSection
	GlobalSection(ExtensibilityGlobals) = postSolution
		SolutionGuid = {020E04AB-102C-4AA1-8FA5-8057B9CEF48B}
	EndGlobalSection
EndGlobal
